# This file is automatically @generated by Cargo.
# It is not intended for manual editing.
version = 3

[[package]]
name = "bigtalk"
version = "0.1.0"
dependencies = [
 "prehash",
]

[[package]]
name = "prehash"
version = "1.0.0"
source = "registry+https://github.com/rust-lang/crates.io-index"
checksum = "04bfa62906ce8d9badf8d1764501640ae7f0bcea3437a209315830e0f73564d1"
